
Microsoft Visual Studio Solution File, Format Version 12.00
# Visual Studio Version 17
VisualStudioVersion = 17.4.33213.308
MinimumVisualStudioVersion = 10.0.40219.1
Project("{FAE04EC0-301F-11D3-BF4B-00C04F79EFBC}") = "ImageAnalysis", "ImageAnalysis\ImageAnalysis.csproj", "{1815CBC2-A375-4585-A3B2-FCF2340A61CD}"
EndProject
Global
	GlobalSection(SolutionConfigurationPlatforms) = preSolution
		Debug|Any CPU = Debug|Any CPU
		Release|Any CPU = Release|Any CPU
	EndGlobalSection
	GlobalSection(ProjectConfigurationPlatforms) = postSolution
		{1815CBC2-A375-4585-A3B2-FCF2340A61CD}.Debug|Any CPU.ActiveCfg = Debug|Any CPU
		{1815CBC2-A375-4585-A3B2-FCF2340A61CD}.Debug|Any CPU.Build.0 = Debug|Any CPU
		{1815CBC2-A375-4585-A3B2-FCF2340A61CD}.Release|Any CPU.ActiveCfg = Release|Any CPU
		{1815CBC2-A375-4585-A3B2-FCF2340A61CD}.Release|Any CPU.Build.0 = Release|Any CPU
	EndGlobalSection
	GlobalSection(SolutionProperties) = preSolution
		HideSolutionNode = FALSE
	EndGlobalSection
	GlobalSection(ExtensibilityGlobals) = postSolution
		SolutionGuid = {7D0F68FA-51D8-48FD-B5F8-DD1491FE25D0}
	EndGlobalSection
EndGlobal
